
Microsoft Visual Studio Solution File, Format Version 12.00
Project("{2150E333-8FDC-42A3-9474-1A3956D46DE8}") = "src", "src", "{9609D8E4-704E-4F02-80E3-FF889DD86A7E}"
EndProject
Project("{2150E333-8FDC-42A3-9474-1A3956D46DE8}") = "test", "test", "{A40455E3-ACB3-45C5-94A8-57563C0958CB}"
EndProject
Project("{2150E333-8FDC-42A3-9474-1A3956D46DE8}") = "scripts", "scripts", "{90B64EEA-AB80-4CE1-B351-8939CB954AC7}"
EndProject
Project("{2150E333-8FDC-42A3-9474-1A3956D46DE8}") = "Solution Items", "Solution Items", "{549A3818-D68C-478C-88CB-CD3E8B94A7A9}"
	ProjectSection(SolutionItems) = preProject
		compose.yaml = compose.yaml
	EndProjectSection
EndProject
Project("{FAE04EC0-301F-11D3-BF4B-00C04F79EFBC}") = "Daunt.App", "src\Daunt.App\Daunt.App.csproj", "{70FA5B14-6D80-41FA-A551-CC7F81EE7915}"
EndProject
Project("{FAE04EC0-301F-11D3-BF4B-00C04F79EFBC}") = "Daunt.Core", "src\Daunt.Core\Daunt.Core.csproj", "{F4B85401-5BBE-4CEE-A061-DAD994553081}"
EndProject
Project("{FAE04EC0-301F-11D3-BF4B-00C04F79EFBC}") = "Daunt.Contract", "src\Daunt.Contract\Daunt.Contract.csproj", "{7148E9A3-736A-4FD5-A1DB-98748ED9E221}"
EndProject
Project("{FAE04EC0-301F-11D3-BF4B-00C04F79EFBC}") = "Daunt.Integration.Tests", "test\Daunt.Integration.Tests\Daunt.Integration.Tests.csproj", "{3A1154A1-752E-4B70-AF8D-AE5D308397A4}"
EndProject
Project("{FAE04EC0-301F-11D3-BF4B-00C04F79EFBC}") = "Daunt.Persistence", "src\Daunt.Persistence\Daunt.Persistence.csproj", "{DD421CF0-89CB-410E-92EB-DFA2AC3E9AFE}"
EndProject
Project("{FAE04EC0-301F-11D3-BF4B-00C04F79EFBC}") = "Daunt.Shared", "src\Daunt.Shared\Daunt.Shared.csproj", "{0B7341C3-EF28-4F13-BFFF-437730DF1363}"
EndProject
Project("{FAE04EC0-301F-11D3-BF4B-00C04F79EFBC}") = "Daunt.Unit.Tests", "test\Daunt.Unit.Tests\Daunt.Unit.Tests.csproj", "{B4C6C358-2B78-45C3-8748-1223C6784606}"
EndProject
Global
	GlobalSection(SolutionConfigurationPlatforms) = preSolution
		Debug|Any CPU = Debug|Any CPU
		Debug|x64 = Debug|x64
		Debug|x86 = Debug|x86
		Release|Any CPU = Release|Any CPU
		Release|x64 = Release|x64
		Release|x86 = Release|x86
	EndGlobalSection
	GlobalSection(ProjectConfigurationPlatforms) = postSolution
		{70FA5B14-6D80-41FA-A551-CC7F81EE7915}.Debug|Any CPU.ActiveCfg = Debug|Any CPU
		{70FA5B14-6D80-41FA-A551-CC7F81EE7915}.Debug|Any CPU.Build.0 = Debug|Any CPU
		{70FA5B14-6D80-41FA-A551-CC7F81EE7915}.Debug|x64.ActiveCfg = Debug|Any CPU
		{70FA5B14-6D80-41FA-A551-CC7F81EE7915}.Debug|x64.Build.0 = Debug|Any CPU
		{70FA5B14-6D80-41FA-A551-CC7F81EE7915}.Debug|x86.ActiveCfg = Debug|Any CPU
		{70FA5B14-6D80-41FA-A551-CC7F81EE7915}.Debug|x86.Build.0 = Debug|Any CPU
		{70FA5B14-6D80-41FA-A551-CC7F81EE7915}.Release|Any CPU.ActiveCfg = Release|Any CPU
		{70FA5B14-6D80-41FA-A551-CC7F81EE7915}.Release|Any CPU.Build.0 = Release|Any CPU
		{70FA5B14-6D80-41FA-A551-CC7F81EE7915}.Release|x64.ActiveCfg = Release|Any CPU
		{70FA5B14-6D80-41FA-A551-CC7F81EE7915}.Release|x64.Build.0 = Release|Any CPU
		{70FA5B14-6D80-41FA-A551-CC7F81EE7915}.Release|x86.ActiveCfg = Release|Any CPU
		{70FA5B14-6D80-41FA-A551-CC7F81EE7915}.Release|x86.Build.0 = Release|Any CPU
		{F4B85401-5BBE-4CEE-A061-DAD994553081}.Debug|Any CPU.ActiveCfg = Debug|Any CPU
		{F4B85401-5BBE-4CEE-A061-DAD994553081}.Debug|Any CPU.Build.0 = Debug|Any CPU
		{F4B85401-5BBE-4CEE-A061-DAD994553081}.Debug|x64.ActiveCfg = Debug|Any CPU
		{F4B85401-5BBE-4CEE-A061-DAD994553081}.Debug|x64.Build.0 = Debug|Any CPU
		{F4B85401-5BBE-4CEE-A061-DAD994553081}.Debug|x86.ActiveCfg = Debug|Any CPU
		{F4B85401-5BBE-4CEE-A061-DAD994553081}.Debug|x86.Build.0 = Debug|Any CPU
		{F4B85401-5BBE-4CEE-A061-DAD994553081}.Release|Any CPU.ActiveCfg = Release|Any CPU
		{F4B85401-5BBE-4CEE-A061-DAD994553081}.Release|Any CPU.Build.0 = Release|Any CPU
		{F4B85401-5BBE-4CEE-A061-DAD994553081}.Release|x64.ActiveCfg = Release|Any CPU
		{F4B85401-5BBE-4CEE-A061-DAD994553081}.Release|x64.Build.0 = Release|Any CPU
		{F4B85401-5BBE-4CEE-A061-DAD994553081}.Release|x86.ActiveCfg = Release|Any CPU
		{F4B85401-5BBE-4CEE-A061-DAD994553081}.Release|x86.Build.0 = Release|Any CPU
		{7148E9A3-736A-4FD5-A1DB-98748ED9E221}.Debug|Any CPU.ActiveCfg = Debug|Any CPU
		{7148E9A3-736A-4FD5-A1DB-98748ED9E221}.Debug|Any CPU.Build.0 = Debug|Any CPU
		{7148E9A3-736A-4FD5-A1DB-98748ED9E221}.Debug|x64.ActiveCfg = Debug|Any CPU
		{7148E9A3-736A-4FD5-A1DB-98748ED9E221}.Debug|x64.Build.0 = Debug|Any CPU
		{7148E9A3-736A-4FD5-A1DB-98748ED9E221}.Debug|x86.ActiveCfg = Debug|Any CPU
		{7148E9A3-736A-4FD5-A1DB-98748ED9E221}.Debug|x86.Build.0 = Debug|Any CPU
		{7148E9A3-736A-4FD5-A1DB-98748ED9E221}.Release|Any CPU.ActiveCfg = Release|Any CPU
		{7148E9A3-736A-4FD5-A1DB-98748ED9E221}.Release|Any CPU.Build.0 = Release|Any CPU
		{7148E9A3-736A-4FD5-A1DB-98748ED9E221}.Release|x64.ActiveCfg = Release|Any CPU
		{7148E9A3-736A-4FD5-A1DB-98748ED9E221}.Release|x64.Build.0 = Release|Any CPU
		{7148E9A3-736A-4FD5-A1DB-98748ED9E221}.Release|x86.ActiveCfg = Release|Any CPU
		{7148E9A3-736A-4FD5-A1DB-98748ED9E221}.Release|x86.Build.0 = Release|Any CPU
		{3A1154A1-752E-4B70-AF8D-AE5D308397A4}.Debug|Any CPU.ActiveCfg = Debug|Any CPU
		{3A1154A1-752E-4B70-AF8D-AE5D308397A4}.Debug|Any CPU.Build.0 = Debug|Any CPU
		{3A1154A1-752E-4B70-AF8D-AE5D308397A4}.Debug|x64.ActiveCfg = Debug|Any CPU
		{3A1154A1-752E-4B70-AF8D-AE5D308397A4}.Debug|x64.Build.0 = Debug|Any CPU
		{3A1154A1-752E-4B70-AF8D-AE5D308397A4}.Debug|x86.ActiveCfg = Debug|Any CPU
		{3A1154A1-752E-4B70-AF8D-AE5D308397A4}.Debug|x86.Build.0 = Debug|Any CPU
		{3A1154A1-752E-4B70-AF8D-AE5D308397A4}.Release|Any CPU.ActiveCfg = Release|Any CPU
		{3A1154A1-752E-4B70-AF8D-AE5D308397A4}.Release|Any CPU.Build.0 = Release|Any CPU
		{3A1154A1-752E-4B70-AF8D-AE5D308397A4}.Release|x64.ActiveCfg = Release|Any CPU
		{3A1154A1-752E-4B70-AF8D-AE5D308397A4}.Release|x64.Build.0 = Release|Any CPU
		{3A1154A1-752E-4B70-AF8D-AE5D308397A4}.Release|x86.ActiveCfg = Release|Any CPU
		{3A1154A1-752E-4B70-AF8D-AE5D308397A4}.Release|x86.Build.0 = Release|Any CPU
		{DD421CF0-89CB-410E-92EB-DFA2AC3E9AFE}.Debug|Any CPU.ActiveCfg = Debug|Any CPU
		{DD421CF0-89CB-410E-92EB-DFA2AC3E9AFE}.Debug|Any CPU.Build.0 = Debug|Any CPU
		{DD421CF0-89CB-410E-92EB-DFA2AC3E9AFE}.Debug|x64.ActiveCfg = Debug|Any CPU
		{DD421CF0-89CB-410E-92EB-DFA2AC3E9AFE}.Debug|x64.Build.0 = Debug|Any CPU
		{DD421CF0-89CB-410E-92EB-DFA2AC3E9AFE}.Debug|x86.ActiveCfg = Debug|Any CPU
		{DD421CF0-89CB-410E-92EB-DFA2AC3E9AFE}.Debug|x86.Build.0 = Debug|Any CPU
		{DD421CF0-89CB-410E-92EB-DFA2AC3E9AFE}.Release|Any CPU.ActiveCfg = Release|Any CPU
		{DD421CF0-89CB-410E-92EB-DFA2AC3E9AFE}.Release|Any CPU.Build.0 = Release|Any CPU
		{DD421CF0-89CB-410E-92EB-DFA2AC3E9AFE}.Release|x64.ActiveCfg = Release|Any CPU
		{DD421CF0-89CB-410E-92EB-DFA2AC3E9AFE}.Release|x64.Build.0 = Release|Any CPU
		{DD421CF0-89CB-410E-92EB-DFA2AC3E9AFE}.Release|x86.ActiveCfg = Release|Any CPU
		{DD421CF0-89CB-410E-92EB-DFA2AC3E9AFE}.Release|x86.Build.0 = Release|Any CPU
		{0B7341C3-EF28-4F13-BFFF-437730DF1363}.Debug|Any CPU.ActiveCfg = Debug|Any CPU
		{0B7341C3-EF28-4F13-BFFF-437730DF1363}.Debug|Any CPU.Build.0 = Debug|Any CPU
		{0B7341C3-EF28-4F13-BFFF-437730DF1363}.Debug|x64.ActiveCfg = Debug|Any CPU
		{0B7341C3-EF28-4F13-BFFF-437730DF1363}.Debug|x64.Build.0 = Debug|Any CPU
		{0B7341C3-EF28-4F13-BFFF-437730DF1363}.Debug|x86.ActiveCfg = Debug|Any CPU
		{0B7341C3-EF28-4F13-BFFF-437730DF1363}.Debug|x86.Build.0 = Debug|Any CPU
		{0B7341C3-EF28-4F13-BFFF-437730DF1363}.Release|Any CPU.ActiveCfg = Release|Any CPU
		{0B7341C3-EF28-4F13-BFFF-437730DF1363}.Release|Any CPU.Build.0 = Release|Any CPU
		{0B7341C3-EF28-4F13-BFFF-437730DF1363}.Release|x64.ActiveCfg = Release|Any CPU
		{0B7341C3-EF28-4F13-BFFF-437730DF1363}.Release|x64.Build.0 = Release|Any CPU
		{0B7341C3-EF28-4F13-BFFF-437730DF1363}.Release|x86.ActiveCfg = Release|Any CPU
		{0B7341C3-EF28-4F13-BFFF-437730DF1363}.Release|x86.Build.0 = Release|Any CPU
		{B4C6C358-2B78-45C3-8748-1223C6784606}.Debug|Any CPU.ActiveCfg = Debug|Any CPU
		{B4C6C358-2B78-45C3-8748-1223C6784606}.Debug|Any CPU.Build.0 = Debug|Any CPU
		{B4C6C358-2B78-45C3-8748-1223C6784606}.Debug|x64.ActiveCfg = Debug|Any CPU
		{B4C6C358-2B78-45C3-8748-1223C6784606}.Debug|x64.Build.0 = Debug|Any CPU
		{B4C6C358-2B78-45C3-8748-1223C6784606}.Debug|x86.ActiveCfg = Debug|Any CPU
		{B4C6C358-2B78-45C3-8748-1223C6784606}.Debug|x86.Build.0 = Debug|Any CPU
		{B4C6C358-2B78-45C3-8748-1223C6784606}.Release|Any CPU.ActiveCfg = Release|Any CPU
		{B4C6C358-2B78-45C3-8748-1223C6784606}.Release|Any CPU.Build.0 = Release|Any CPU
		{B4C6C358-2B78-45C3-8748-1223C6784606}.Release|x64.ActiveCfg = Release|Any CPU
		{B4C6C358-2B78-45C3-8748-1223C6784606}.Release|x64.Build.0 = Release|Any CPU
		{B4C6C358-2B78-45C3-8748-1223C6784606}.Release|x86.ActiveCfg = Release|Any CPU
		{B4C6C358-2B78-45C3-8748-1223C6784606}.Release|x86.Build.0 = Release|Any CPU
	EndGlobalSection
	GlobalSection(SolutionProperties) = preSolution
		HideSolutionNode = FALSE
	EndGlobalSection
	GlobalSection(NestedProjects) = preSolution
		{70FA5B14-6D80-41FA-A551-CC7F81EE7915} = {9609D8E4-704E-4F02-80E3-FF889DD86A7E}
		{F4B85401-5BBE-4CEE-A061-DAD994553081} = {9609D8E4-704E-4F02-80E3-FF889DD86A7E}
		{7148E9A3-736A-4FD5-A1DB-98748ED9E221} = {9609D8E4-704E-4F02-80E3-FF889DD86A7E}
		{3A1154A1-752E-4B70-AF8D-AE5D308397A4} = {A40455E3-ACB3-45C5-94A8-57563C0958CB}
		{DD421CF0-89CB-410E-92EB-DFA2AC3E9AFE} = {9609D8E4-704E-4F02-80E3-FF889DD86A7E}
		{0B7341C3-EF28-4F13-BFFF-437730DF1363} = {9609D8E4-704E-4F02-80E3-FF889DD86A7E}
		{B4C6C358-2B78-45C3-8748-1223C6784606} = {A40455E3-ACB3-45C5-94A8-57563C0958CB}
	EndGlobalSection
EndGlobal
